
Microsoft Visual Studio Solution File, Format Version 12.00
# Visual Studio Version 17
VisualStudioVersion = 17.11.35219.272
MinimumVisualStudioVersion = 10.0.40219.1
Project("{FAE04EC0-301F-11D3-BF4B-00C04F79EFBC}") = "DependcyInjection", "DependcyInjection.csproj", "{C0AA9DC8-9C90-4F3C-9B29-DB798BA6C48F}"
EndProject
Global
	GlobalSection(SolutionConfigurationPlatforms) = preSolution
		Debug|Any CPU = Debug|Any CPU
		Release|Any CPU = Release|Any CPU
	EndGlobalSection
	GlobalSection(ProjectConfigurationPlatforms) = postSolution
		{C0AA9DC8-9C90-4F3C-9B29-DB798BA6C48F}.Debug|Any CPU.ActiveCfg = Debug|Any CPU
		{C0AA9DC8-9C90-4F3C-9B29-DB798BA6C48F}.Debug|Any CPU.Build.0 = Debug|Any CPU
		{C0AA9DC8-9C90-4F3C-9B29-DB798BA6C48F}.Release|Any CPU.ActiveCfg = Release|Any CPU
		{C0AA9DC8-9C90-4F3C-9B29-DB798BA6C48F}.Release|Any CPU.Build.0 = Release|Any CPU
	EndGlobalSection
	GlobalSection(SolutionProperties) = preSolution
		HideSolutionNode = FALSE
	EndGlobalSection
	GlobalSection(ExtensibilityGlobals) = postSolution
		SolutionGuid = {7C33B832-2800-44B4-A34A-01FC895FC42E}
	EndGlobalSection
EndGlobal
